{
    "_meta": {
        "hash": {
            "sha256": "a997c3636f22f2077e5f468cd3d53b4e45beca56f7172ced0410a55a943ddb98"
        },
        "pipfile-spec": 6,
        "requires": {
            "python_version": "3.6"
        },
        "sources": [
            {
                "name": "pypi",
                "url": "https://pypi.org/simple",
                "verify_ssl": true
            }
        ]
    },
    "default": {
        "cachetools": {
            "hashes": [
                "sha256:428266a1c0d36dc5aca63a2d7c5942e88c2c898d72139fca0e97fdd2380517ae",
                "sha256:8ea2d3ce97850f31e4a08b0e2b5e6c34997d7216a9d2c98e0f3978630d4da69a"
            ],
            "version": "==3.1.1"
        },
        "certifi": {
            "hashes": [
                "sha256:e4f3620cfea4f83eedc95b24abd9cd56f3c4b146dd0177e83a21b4eb49e21e50",
                "sha256:fd7c7c74727ddcf00e9acd26bba8da604ffec95bf1c2144e67aff7a8b50e6cef"
            ],
            "version": "==2019.9.11"
        },
        "chardet": {
            "hashes": [
                "sha256:84ab92ed1c4d4f16916e05906b6b75a6c0fb5db821cc65e70cbd64a3e2a5eaae",
                "sha256:fc323ffcaeaed0e0a02bf4d117757b98aed530d9ed4531e3e15460124c106691"
            ],
            "version": "==3.0.4"
        },
        "fireo": {
            "editable": true,
            "path": "."
        },
        "google-api-core": {
            "extras": [
                "grpc"
            ],
            "hashes": [
                "sha256:2c23fbc81c76b941ffb71301bb975ed66a610e9b03f918feacd1ed59cf43a6ec",
                "sha256:b2b91107bcc3b981633c89602b46451f6474973089febab3ee51c49cb7ae6a1f"
            ],
            "version": "==1.14.2"
        },
        "google-auth": {
            "hashes": [
                "sha256:0f7c6a64927d34c1a474da92cfc59e552a5d3b940d3266606c6a28b72888b9e4",
                "sha256:20705f6803fd2c4d1cc2dcb0df09d4dfcb9a7d51fd59e94a3a28231fd93119ed"
            ],
            "version": "==1.6.3"
        },
        "google-cloud-core": {
            "hashes": [
                "sha256:0ee17abc74ff02176bee221d4896a00a3c202f3fb07125a7d814ccabd20d7eb5",
                "sha256:10750207c1a9ad6f6e082d91dbff3920443bdaf1c344a782730489a9efa802f1"
            ],
            "version": "==1.0.3"
        },
        "google-cloud-firestore": {
            "hashes": [
                "sha256:b67732bd61124d15b2e6c857128ce2a6945ad3a312300de5f152ec0a0d85ff5d",
                "sha256:ba6fcf2f6c60a1275bcbb42ee716d7dd061cd9dea0540060b17134a6f73b0ce0"
            ],
            "index": "pypi",
            "version": "==1.4.0"
        },
        "googleapis-common-protos": {
            "hashes": [
                "sha256:e61b8ed5e36b976b487c6e7b15f31bb10c7a0ca7bd5c0e837f4afab64b53a0c6"
            ],
            "version": "==1.6.0"
        },
        "grpcio": {
            "hashes": [
                "sha256:0337debec20fe385bcd49048d6917270efbc17a5119857466559b4db91f8995b",
                "sha256:164f82a99e08797ea786283b66b45ebe76772d321577d1674ba6fe0200155892",
                "sha256:172dfba8d9621048c2cbc1d1cf7a02244e9a9a8cff5bb79bb30bcb0c13c7fd31",
                "sha256:18f4b536d8a9cfa15b3214e0bb628071def94160699e91798f0a954c3b2db88d",
                "sha256:2283b56bda49b068b0f08d006fffc7dd46eae72322f1a5dec87fc9c218f1dc2d",
                "sha256:26b33f488a955bf49262d2ce3423d3a8174108506d8f819e8150aca21bdd3b99",
                "sha256:31cc9b6f70bdd0d9ff53df2d563ea1fb278601d5c625932d8a82d03b08ff3de0",
                "sha256:37dd8684fbc2bc00766ae6784bcbd7f874bc96527636a341411db811d04ff650",
                "sha256:424c01189ef51a808669f020368b01204e0f1fa0bf2adab7c8d0d13166f92e9e",
                "sha256:431c099f20a1f1d97def98f87bb74fa752e8819c2bab23d79089353aed1acc9b",
                "sha256:4c2f1d0b27bcef301e5d5c1da05ffd7d174f807f61889c006b8e708b16bc978e",
                "sha256:59b8d738867b59c5daaff5df242b5f3f9c58b47862f603c6ee530964b897b69b",
                "sha256:8d4f1ee2a67cf8f792d4fc9b8c7bb2148174e838d935f175653aec234752828b",
                "sha256:97ab9e35b47bda0441332204960f95c1169c55ec8e989381bedd32bdb9f78b05",
                "sha256:9cf93e185507bfdaa7ed45a90049bd3f1ed3f6357ad3772b31e993ff723cf67d",
                "sha256:a5a81472c0ca6181492b9291c316ff60c6c94dd3f21c1e8c481f21923d899af0",
                "sha256:aaa1feb0fdd094af6db0a16cbd446ed94285a50e320aede5971152d9ea022df8",
                "sha256:b36bf4408f8400ee9ab13ff129e71f2e4c72ce2d8886b744aeab77ce50a55cf6",
                "sha256:bb345f7e98b38a2c1ef33ff1145687234f78dfeedf308b41b3e41f4b42eba099",
                "sha256:c13ae15695e0eb4ba2db920d6a197171d2398c675afa4f27460b6381d20a6884",
                "sha256:c4a233a00cc5b64543e97733902151bc6738396931b3c166aad03a3aaadbd479",
                "sha256:c521c5f8a95baabba69c68dd0f5e34f37c8adf1a9691f9884dba3eab4ebadc29",
                "sha256:c772edd094fe3e54d6d54fdecb90c51cb8d07b55e9c1cda2d33e9615e33d07e8",
                "sha256:cebfba6542855403b29e4bc95bbcd5ab444f21137b440f2fb7c7925ca0e55bfd",
                "sha256:d7490e013c4bad3e8db804fc6483b47125dc8df0ebcfd6e419bd25df35025301",
                "sha256:dfb6063619f297cbd22c67530d7465d98348b35d0424bbc1756b36c5ef9f99d4",
                "sha256:e80a15b48a66f35c7c33db2a7df4034a533b362269d0e60e0036e23f14bac7b5",
                "sha256:ea444fa1c1ec4f8d2ce965bb01e06148ef9ceb398fb2f627511d50f137eac35b",
                "sha256:ec986cbf8837a49f9612cc1cfc2a8ccb54875cfce5355a121279de35124ea1db",
                "sha256:fb641df6de8c4a55c784c24d334d53096954d9b30679d3ce5eb6a4d25c1020a3",
                "sha256:fb88bd791c8efbcb36de12f0aa519ceec0b7806d3decff16e412e097d4725d44",
                "sha256:ffa1be3d566a9cbd21a5f2d95fd9262ec6c337c499291bfeb51547b8de18942e"
            ],
            "version": "==1.24.0"
        },
        "idna": {
            "hashes": [
                "sha256:c357b3f628cf53ae2c4c05627ecc484553142ca23264e593d327bcde5e9c3407",
                "sha256:ea8b7f6188e6fa117537c3df7da9fc686d485087abf6ac197f9c46432f7e4a3c"
            ],
            "version": "==2.8"
        },
        "protobuf": {
            "hashes": [
                "sha256:26c0d756c7ad6823fccbc3b5f84c619b9cc7ac281496fe0a9d78e32023c45034",
                "sha256:3200046e4d4f6c42ed66257dbe15e2e5dc76072c280e9b3d69dc8f3a4fa3fbbc",
                "sha256:368f1bae6dd22d04fd2254d30cd301863408a96ff604422e3ddd8ab601f095a4",
                "sha256:3902fa1920b4ef9f710797496b309efc5ccd0faeba44dc82ed6a711a244764a0",
                "sha256:3a7a8925ba6481b9241cdb5d69cd0b0700f23efed6bb691dc9543faa4aa25d6f",
                "sha256:4bc33d49f43c6e9916fb56b7377cb4478cbf25824b4d2bedfb8a4e3df31c12ca",
                "sha256:568b434a36e31ed30d60d600b2227666ce150b8b5275948f50411481a4575d6d",
                "sha256:5c393cd665d03ce6b29561edd6b0cc4bcb3fb8e2a7843e8f223d693f07f61b40",
                "sha256:80072e9ba36c73cf89c01f669c7b123733fc2de1780b428082a850f53cc7865f",
                "sha256:843f498e98ad1469ad54ecb4a7ccf48605a1c5d2bd26ae799c7a2cddab4a37ec",
                "sha256:aa45443035651cbfae74c8deb53358ba660d8e7a5fbab3fc4beb33fb3e3ca4be",
                "sha256:aaab817d9d038dd5f56a6fb2b2e8ae68caf1fd28cc6a963c755fa73268495c13",
                "sha256:e6f68b9979dc8f75299293d682f67fecb72d78f98652da2eeb85c85edef1ca94",
                "sha256:e7366cabddff3441d583fdc0176ab42eba4ee7090ef857d50c4dd59ad124003a",
                "sha256:f0144ad97cd28bfdda0567b9278d25061ada5ad2b545b538cd3577697b32bda3",
                "sha256:f655338491481f482042f19016647e50365ab41b75b486e0df56e0dcc425abf4"
            ],
            "version": "==3.9.2"
        },
        "pyasn1": {
            "hashes": [
                "sha256:62cdade8b5530f0b185e09855dd422bc05c0bbff6b72ff61381c09dac7befd8c",
                "sha256:a9495356ca1d66ed197a0f72b41eb1823cf7ea8b5bd07191673e8147aecf8604"
            ],
            "version": "==0.4.7"
        },
        "pyasn1-modules": {
            "hashes": [
                "sha256:43c17a83c155229839cc5c6b868e8d0c6041dba149789b6d6e28801c64821722",
                "sha256:e30199a9d221f1b26c885ff3d87fd08694dbbe18ed0e8e405a2a7126d30ce4c0"
            ],
            "version": "==0.2.6"
        },
        "pytz": {
            "hashes": [
                "sha256:26c0b32e437e54a18161324a2fca3c4b9846b74a8dccddd843113109e1116b32",
                "sha256:c894d57500a4cd2d5c71114aaab77dbab5eabd9022308ce5ac9bb93a60a6f0c7"
            ],
            "version": "==2019.2"
        },
        "requests": {
            "hashes": [
                "sha256:11e007a8a2aa0323f5a921e9e6a2d7e4e67d9877e85773fba9ba6419025cbeb4",
                "sha256:9cf5292fcd0f598c671cfc1e0d7d1a7f13bb8085e9a590f48c010551dc6c4b31"
            ],
            "version": "==2.22.0"
        },
        "rsa": {
            "hashes": [
                "sha256:14ba45700ff1ec9eeb206a2ce76b32814958a98e372006c8fb76ba820211be66",
                "sha256:1a836406405730121ae9823e19c6e806c62bbad73f890574fff50efa4122c487"
            ],
            "version": "==4.0"
        },
        "six": {
            "hashes": [
                "sha256:3350809f0555b11f552448330d0b52d5f24c91a322ea4a15ef22629740f3761c",
                "sha256:d16a0141ec1a18405cd4ce8b4613101da75da0e9a7aec5bdd4fa804d0e0eba73"
            ],
            "version": "==1.12.0"
        },
        "urllib3": {
            "hashes": [
                "sha256:3de946ffbed6e6746608990594d08faac602528ac7015ac28d33cee6a45b7398",
                "sha256:9a107b99a5393caf59c7aa3c1249c16e6879447533d0887f4336dde834c7be86"
            ],
            "version": "==1.25.6"
        }
    },
    "develop": {
        "atomicwrites": {
            "hashes": [
                "sha256:03472c30eb2c5d1ba9227e4c2ca66ab8287fbfbbda3888aa93dc2e28fc6811b4",
                "sha256:75a9445bac02d8d058d5e1fe689654ba5a6556a1dfd8ce6ec55a0ed79866cfa6"
            ],
            "version": "==1.3.0"
        },
        "attrs": {
            "hashes": [
                "sha256:ec20e7a4825331c1b5ebf261d111e16fa9612c1f7a5e1f884f12bd53a664dfd2",
                "sha256:f913492e1663d3c36f502e5e9ba6cd13cf19d7fab50aa13239e420fef95e1396"
            ],
            "version": "==19.2.0"
        },
        "importlib-metadata": {
            "hashes": [
                "sha256:aa18d7378b00b40847790e7c27e11673d7fed219354109d0e7b9e5b25dc3ad26",
                "sha256:d5f18a79777f3aa179c145737780282e27b508fc8fd688cb17c7a813e8bd39af"
            ],
            "markers": "python_version < '3.8'",
            "version": "==0.23"
        },
        "more-itertools": {
            "hashes": [
                "sha256:409cd48d4db7052af495b09dec721011634af3753ae1ef92d2b32f73a745f832",
                "sha256:92b8c4b06dac4f0611c0729b2f2ede52b2e1bac1ab48f089c7ddc12e26bb60c4"
            ],
            "version": "==7.2.0"
        },
        "packaging": {
            "hashes": [
                "sha256:28b924174df7a2fa32c1953825ff29c61e2f5e082343165438812f00d3a7fc47",
                "sha256:d9551545c6d761f3def1677baf08ab2a3ca17c56879e70fecba2fc4dde4ed108"
            ],
            "version": "==19.2"
        },
        "pluggy": {
            "hashes": [
                "sha256:0db4b7601aae1d35b4a033282da476845aa19185c1e6964b25cf324b5e4ec3e6",
                "sha256:fa5fa1622fa6dd5c030e9cad086fa19ef6a0cf6d7a2d12318e10cb49d6d68f34"
            ],
            "version": "==0.13.0"
        },
        "py": {
            "hashes": [
                "sha256:64f65755aee5b381cea27766a3a147c3f15b9b6b9ac88676de66ba2ae36793fa",
                "sha256:dc639b046a6e2cff5bbe40194ad65936d6ba360b52b3c3fe1d08a82dd50b5e53"
            ],
            "version": "==1.8.0"
        },
        "pyparsing": {
            "hashes": [
                "sha256:6f98a7b9397e206d78cc01df10131398f1c8b8510a2f4d97d9abd82e1aacdd80",
                "sha256:d9338df12903bbf5d65a0e4e87c2161968b10d2e489652bb47001d82a9b028b4"
            ],
            "version": "==2.4.2"
        },
        "pytest": {
            "hashes": [
                "sha256:13c1c9b22127a77fc684eee24791efafcef343335d855e3573791c68588fe1a5",
                "sha256:d8ba7be9466f55ef96ba203fc0f90d0cf212f2f927e69186e1353e30bc7f62e5"
            ],
            "index": "pypi",
            "version": "==5.2.0"
        },
        "six": {
            "hashes": [
                "sha256:3350809f0555b11f552448330d0b52d5f24c91a322ea4a15ef22629740f3761c",
                "sha256:d16a0141ec1a18405cd4ce8b4613101da75da0e9a7aec5bdd4fa804d0e0eba73"
            ],
            "version": "==1.12.0"
        },
        "wcwidth": {
            "hashes": [
                "sha256:3df37372226d6e63e1b1e1eda15c594bca98a22d33a23832a90998faa96bc65e",
                "sha256:f4ebe71925af7b40a864553f761ed559b43544f8f71746c2d756c7fe788ade7c"
            ],
            "version": "==0.1.7"
        },
        "zipp": {
            "hashes": [
                "sha256:3718b1cbcd963c7d4c5511a8240812904164b7f381b647143a89d3b98f9bcd8e",
                "sha256:f06903e9f1f43b12d371004b4ac7b06ab39a44adc747266928ae6debfa7b3335"
            ],
            "version": "==0.6.0"
        }
    }
}
